<?xml version="1.0" encoding="utf-8"?>
<Solution>
  <Folder Name="/Solution Items/">
    <File Path=".editorconfig" />
    <File Path=".gitignore" />
    <File Path="exclusion.dic" />
    <File Path="global.json" />
    <File Path="LICENSE" />
    <File Path="README.md" />
    <File Path="version.json" />
    <File Path="CONTRIBUTING.md" />
    <File Path="Directory.Build.props" />
    <File Path="Directory.Packages.props" />
    <File Path="Publish.ps1" />
    <File Path="SECURITY.md" />
  </Folder>
  <Project Path="Entuity.Api.Test/Entuity.Api.Test.csproj" />
  <Project Path="Entuity.Api/Entuity.Api.csproj" />
</Solution>